// !$*UTF8*$!
{
	archiveVersion = 1;
	classes = {
	};
	objectVersion = 77;
	objects = {

/* Begin PBXContainerItemProxy section */
		E606E8B42F03881200F4F361 /* PBXContainerItemProxy */ = {
			isa = PBXContainerItemProxy;
			containerPortal = E606E89C2F03881100F4F361 /* Project object */;
			proxyType = 1;
			remoteGlobalIDString = E606E8A32F03881100F4F361;
			remoteInfo = "Codex Scanner";
		};
		E606E8BE2F03881200F4F361 /* PBXContainerItemProxy */ = {
			isa = PBXContainerItemProxy;
			containerPortal = E606E89C2F03881100F4F361 /* Project object */;
			proxyType = 1;
			remoteGlobalIDString = E606E8A32F03881100F4F361;
			remoteInfo = "Codex Scanner";
		};
/* End PBXContainerItemProxy section */

/* Begin PBXFileReference section */
		E606E8A42F03881100F4F361 /* Codex Scanner.app */ = {isa = PBXFileReference; explicitFileType = wrapper.application; includeInIndex = 0; path = "Codex Scanner.app"; sourceTree = BUILT_PRODUCTS_DIR; };
		E606E8B32F03881200F4F361 /* Codex ScannerTests.xctest */ = {isa = PBXFileReference; explicitFileType = wrapper.cfbundle; includeInIndex = 0; path = "Codex ScannerTests.xctest"; sourceTree = BUILT_PRODUCTS_DIR; };
		E606E8BD2F03881200F4F361 /* Codex ScannerUITests.xctest */ = {isa = PBXFileReference; explicitFileType = wrapper.cfbundle; includeInIndex = 0; path = "Codex ScannerUITests.xctest"; sourceTree = BUILT_PRODUCTS_DIR; };
/* End PBXFileReference section */

/* Begin PBXFileSystemSynchronizedRootGroup section */
		E606E8A62F03881100F4F361 /* Codex Scanner */ = {
			isa = PBXFileSystemSynchronizedRootGroup;
			path = "Codex Scanner";
			sourceTree = "<group>";
		};
		E606E8B62F03881200F4F361 /* Codex ScannerTests */ = {
			isa = PBXFileSystemSynchronizedRootGroup;
			path = "Codex ScannerTests";
			sourceTree = "<group>";
		};
		E606E8C02F03881200F4F361 /* Codex ScannerUITests */ = {
			isa = PBXFileSystemSynchronizedRootGroup;
			path = "Codex ScannerUITests";
			sourceTree = "<group>";
		};
/* End PBXFileSystemSynchronizedRootGroup section */

/* Begin PBXFrameworksBuildPhase section */
		E606E8A12F03881100F4F361 /* Frameworks */ = {
			isa = PBXFrameworksBuildPhase;
			buildActionMask = 2147483647;
			files = (
			);
			runOnlyForDeploymentPostprocessing = 0;
		};
		E606E8B02F03881200F4F361 /* Frameworks */ = {
			isa = PBXFrameworksBuildPhase;
			buildActionMask = 2147483647;
			files = (
			);
			runOnlyForDeploymentPostprocessing = 0;
		};
		E606E8BA2F03881200F4F361 /* Frameworks */ = {
			isa = PBXFrameworksBuildPhase;
			buildActionMask = 2147483647;
			files = (
			);
			runOnlyForDeploymentPostprocessing = 0;
		};
/* End PBXFrameworksBuildPhase section */

/* Begin PBXGroup section */
		E606E89B2F03881100F4F361 = {
			isa = PBXGroup;
			children = (
				E606E8A62F03881100F4F361 /* Codex Scanner */,
				E606E8B62F03881200F4F361 /* Codex ScannerTests */,
				E606E8C02F03881200F4F361 /* Codex ScannerUITests */,
				E606E8A52F03881100F4F361 /* Products */,
			);
			sourceTree = "<group>";
		};
		E606E8A52F03881100F4F361 /* Products */ = {
			isa = PBXGroup;
			children = (
				E606E8A42F03881100F4F361 /* Codex Scanner.app */,
				E606E8B32F03881200F4F361 /* Codex ScannerTests.xctest */,
				E606E8BD2F03881200F4F361 /* Codex ScannerUITests.xctest */,
			);
			name = Products;
			sourceTree = "<group>";
		};
/* End PBXGroup section */

/* Begin PBXNativeTarget section */
		E606E8A32F03881100F4F361 /* Codex Scanner */ = {
			isa = PBXNativeTarget;
			buildConfigurationList = E606E8C72F03881200F4F361 /* Build configuration list for PBXNativeTarget "Codex Scanner" */;
			buildPhases = (
				E606E8A02F03881100F4F361 /* Sources */,
				E606E8A12F03881100F4F361 /* Frameworks */,
				E606E8A22F03881100F4F361 /* Resources */,
			);
			buildRules = (
			);
			dependencies = (
			);
			fileSystemSynchronizedGroups = (
				E606E8A62F03881100F4F361 /* Codex Scanner */,
			);
			name = "Codex Scanner";
			packageProductDependencies = (
			);
			productName = "Codex Scanner";
			productReference = E606E8A42F03881100F4F361 /* Codex Scanner.app */;
			productType = "com.apple.product-type.application";
		};
		E606E8B22F03881200F4F361 /* Codex ScannerTests */ = {
			isa = PBXNativeTarget;
			buildConfigurationList = E606E8CA2F03881200F4F361 /* Build configuration list for PBXNativeTarget "Codex ScannerTests" */;
			buildPhases = (
				E606E8AF2F03881200F4F361 /* Sources */,
				E606E8B02F03881200F4F361 /* Frameworks */,
				E606E8B12F03881200F4F361 /* Resources */,
			);
			buildRules = (
			);
			dependencies = (
				E606E8B52F03881200F4F361 /* PBXTargetDependency */,
			);
			fileSystemSynchronizedGroups = (
				E606E8B62F03881200F4F361 /* Codex ScannerTests */,
			);
			name = "Codex ScannerTests";
			packageProductDependencies = (
			);
			productName = "Codex ScannerTests";
			productReference = E606E8B32F03881200F4F361 /* Codex ScannerTests.xctest */;
			productType = "com.apple.product-type.bundle.unit-test";
		};
		E606E8BC2F03881200F4F361 /* Codex ScannerUITests */ = {
			isa = PBXNativeTarget;
			buildConfigurationList = E606E8CD2F03881200F4F361 /* Build configuration list for PBXNativeTarget "Codex ScannerUITests" */;
			buildPhases = (
				E606E8B92F03881200F4F361 /* Sources */,
				E606E8BA2F03881200F4F361 /* Frameworks */,
				E606E8BB2F03881200F4F361 /* Resources */,
			);
			buildRules = (
			);
			dependencies = (
				E606E8BF2F03881200F4F361 /* PBXTargetDependency */,
			);
			fileSystemSynchronizedGroups = (
				E606E8C02F03881200F4F361 /* Codex ScannerUITests */,
			);
			name = "Codex ScannerUITests";
			packageProductDependencies = (
			);
			productName = "Codex ScannerUITests";
			productReference = E606E8BD2F03881200F4F361 /* Codex ScannerUITests.xctest */;
			productType = "com.apple.product-type.bundle.ui-testing";
		};
/* End PBXNativeTarget section */

/* Begin PBXProject section */
		E606E89C2F03881100F4F361 /* Project object */ = {
			isa = PBXProject;
			attributes = {
				BuildIndependentTargetsInParallel = 1;
				LastSwiftUpdateCheck = 2620;
				LastUpgradeCheck = 2620;
				TargetAttributes = {
					E606E8A32F03881100F4F361 = {
						CreatedOnToolsVersion = 26.2;
					};
					E606E8B22F03881200F4F361 = {
						CreatedOnToolsVersion = 26.2;
						TestTargetID = E606E8A32F03881100F4F361;
					};
					E606E8BC2F03881200F4F361 = {
						CreatedOnToolsVersion = 26.2;
						TestTargetID = E606E8A32F03881100F4F361;
					};
				};
			};
			buildConfigurationList = E606E89F2F03881100F4F361 /* Build configuration list for PBXProject "Codex Scanner" */;
			developmentRegion = en;
			hasScannedForEncodings = 0;
			knownRegions = (
				en,
				Base,
			);
			mainGroup = E606E89B2F03881100F4F361;
			minimizedProjectReferenceProxies = 1;
			preferredProjectObjectVersion = 77;
			productRefGroup = E606E8A52F03881100F4F361 /* Products */;
			projectDirPath = "";
			projectRoot = "";
			targets = (
				E606E8A32F03881100F4F361 /* Codex Scanner */,
				E606E8B22F03881200F4F361 /* Codex ScannerTests */,
				E606E8BC2F03881200F4F361 /* Codex ScannerUITests */,
			);
		};
/* End PBXProject section */

/* Begin PBXResourcesBuildPhase section */
		E606E8A22F03881100F4F361 /* Resources */ = {
			isa = PBXResourcesBuildPhase;
			buildActionMask = 2147483647;
			files = (
			);
			runOnlyForDeploymentPostprocessing = 0;
		};
		E606E8B12F03881200F4F361 /* Resources */ = {
			isa = PBXResourcesBuildPhase;
			buildActionMask = 2147483647;
			files = (
			);
			runOnlyForDeploymentPostprocessing = 0;
		};
		E606E8BB2F03881200F4F361 /* Resources */ = {
			isa = PBXResourcesBuildPhase;
			buildActionMask = 2147483647;
			files = (
			);
			runOnlyForDeploymentPostprocessing = 0;
		};
/* End PBXResourcesBuildPhase section */

/* Begin PBXSourcesBuildPhase section */
		E606E8A02F03881100F4F361 /* Sources */ = {
			isa = PBXSourcesBuildPhase;
			buildActionMask = 2147483647;
			files = (
			);
			runOnlyForDeploymentPostprocessing = 0;
		};
		E606E8AF2F03881200F4F361 /* Sources */ = {
			isa = PBXSourcesBuildPhase;
			buildActionMask = 2147483647;
			files = (
			);
			runOnlyForDeploymentPostprocessing = 0;
		};
		E606E8B92F03881200F4F361 /* Sources */ = {
			isa = PBXSourcesBuildPhase;
			buildActionMask = 2147483647;
			files = (
			);
			runOnlyForDeploymentPostprocessing = 0;
		};
/* End PBXSourcesBuildPhase section */

/* Begin PBXTargetDependency section */
		E606E8B52F03881200F4F361 /* PBXTargetDependency */ = {
			isa = PBXTargetDependency;
			target = E606E8A32F03881100F4F361 /* Codex Scanner */;
			targetProxy = E606E8B42F03881200F4F361 /* PBXContainerItemProxy */;
		};
		E606E8BF2F03881200F4F361 /* PBXTargetDependency */ = {
			isa = PBXTargetDependency;
			target = E606E8A32F03881100F4F361 /* Codex Scanner */;
			targetProxy = E606E8BE2F03881200F4F361 /* PBXContainerItemProxy */;
		};
/* End PBXTargetDependency section */

/* Begin XCBuildConfiguration section */
		E606E8C52F03881200F4F361 /* Debug */ = {
			isa = XCBuildConfiguration;
			buildSettings = {
				ALWAYS_SEARCH_USER_PATHS = NO;
				ASSETCATALOG_COMPILER_GENERATE_SWIFT_ASSET_SYMBOL_EXTENSIONS = YES;
				CLANG_ANALYZER_NONNULL = YES;
				CLANG_ANALYZER_NUMBER_OBJECT_CONVERSION = YES_AGGRESSIVE;
				CLANG_CXX_LANGUAGE_STANDARD = "gnu++20";
				CLANG_ENABLE_MODULES = YES;
				CLANG_ENABLE_OBJC_ARC = YES;
				CLANG_ENABLE_OBJC_WEAK = YES;
				CLANG_WARN_BLOCK_CAPTURE_AUTORELEASING = YES;
				CLANG_WARN_BOOL_CONVERSION = YES;
				CLANG_WARN_COMMA = YES;
				CLANG_WARN_CONSTANT_CONVERSION = YES;
				CLANG_WARN_DEPRECATED_OBJC_IMPLEMENTATIONS = YES;
				CLANG_WARN_DIRECT_OBJC_ISA_USAGE = YES_ERROR;
				CLANG_WARN_DOCUMENTATION_COMMENTS = YES;
				CLANG_WARN_EMPTY_BODY = YES;
				CLANG_WARN_ENUM_CONVERSION = YES;
				CLANG_WARN_INFINITE_RECURSION = YES;
				CLANG_WARN_INT_CONVERSION = YES;
				CLANG_WARN_NON_LITERAL_NULL_CONVERSION = YES;
				CLANG_WARN_OBJC_IMPLICIT_RETAIN_SELF = YES;
				CLANG_WARN_OBJC_LITERAL_CONVERSION = YES;
				CLANG_WARN_OBJC_ROOT_CLASS = YES_ERROR;
				CLANG_WARN_QUOTED_INCLUDE_IN_FRAMEWORK_HEADER = YES;
				CLANG_WARN_RANGE_LOOP_ANALYSIS = YES;
				CLANG_WARN_STRICT_PROTOTYPES = YES;
				CLANG_WARN_SUSPICIOUS_MOVE = YES;
				CLANG_WARN_UNGUARDED_AVAILABILITY = YES_AGGRESSIVE;
				CLANG_WARN_UNREACHABLE_CODE = YES;
				CLANG_WARN__DUPLICATE_METHOD_MATCH = YES;
				COPY_PHASE_STRIP = NO;
				DEBUG_INFORMATION_FORMAT = dwarf;
				DEVELOPMENT_TEAM = AA9V587XNH;
				ENABLE_RESOURCE_ACCESS_CAMERA = YES;
				ENABLE_STRICT_OBJC_MSGSEND = YES;
				ENABLE_TESTABILITY = YES;
				ENABLE_USER_SCRIPT_SANDBOXING = YES;
				GCC_C_LANGUAGE_STANDARD = gnu17;
				GCC_DYNAMIC_NO_PIC = NO;
				GCC_NO_COMMON_BLOCKS = YES;
				GCC_OPTIMIZATION_LEVEL = 0;
				GCC_PREPROCESSOR_DEFINITIONS = (
					"DEBUG=1",
					"$(inherited)",
				);
				GCC_WARN_64_TO_32_BIT_CONVERSION = YES;
				GCC_WARN_ABOUT_RETURN_TYPE = YES_ERROR;
				GCC_WARN_UNDECLARED_SELECTOR = YES;
				GCC_WARN_UNINITIALIZED_AUTOS = YES_AGGRESSIVE;
				GCC_WARN_UNUSED_FUNCTION = YES;
				GCC_WARN_UNUSED_VARIABLE = YES;
				LOCALIZATION_PREFERS_STRING_CATALOGS = YES;
				MACOSX_DEPLOYMENT_TARGET = 26.2;
				MTL_ENABLE_DEBUG_INFO = INCLUDE_SOURCE;
				MTL_FAST_MATH = YES;
				ONLY_ACTIVE_ARCH = YES;
				SDKROOT = macosx;
				SWIFT_ACTIVE_COMPILATION_CONDITIONS = "DEBUG $(inherited)";
				SWIFT_OPTIMIZATION_LEVEL = "-Onone";
			};
			name = Debug;
		};
		E606E8C62F03881200F4F361 /* Release */ = {
			isa = XCBuildConfiguration;
			buildSettings = {
				ALWAYS_SEARCH_USER_PATHS = NO;
				ASSETCATALOG_COMPILER_GENERATE_SWIFT_ASSET_SYMBOL_EXTENSIONS = YES;
				CLANG_ANALYZER_NONNULL = YES;
				CLANG_ANALYZER_NUMBER_OBJECT_CONVERSION = YES_AGGRESSIVE;
				CLANG_CXX_LANGUAGE_STANDARD = "gnu++20";
				CLANG_ENABLE_MODULES = YES;
				CLANG_ENABLE_OBJC_ARC = YES;
				CLANG_ENABLE_OBJC_WEAK = YES;
				CLANG_WARN_BLOCK_CAPTURE_AUTORELEASING = YES;
				CLANG_WARN_BOOL_CONVERSION = YES;
				CLANG_WARN_COMMA = YES;
				CLANG_WARN_CONSTANT_CONVERSION = YES;
				CLANG_WARN_DEPRECATED_OBJC_IMPLEMENTATIONS = YES;
				CLANG_WARN_DIRECT_OBJC_ISA_USAGE = YES_ERROR;
				CLANG_WARN_DOCUMENTATION_COMMENTS = YES;
				CLANG_WARN_EMPTY_BODY = YES;
				CLANG_WARN_ENUM_CONVERSION = YES;
				CLANG_WARN_INFINITE_RECURSION = YES;
				CLANG_WARN_INT_CONVERSION = YES;
				CLANG_WARN_NON_LITERAL_NULL_CONVERSION = YES;
				CLANG_WARN_OBJC_IMPLICIT_RETAIN_SELF = YES;
				CLANG_WARN_OBJC_LITERAL_CONVERSION = YES;
				CLANG_WARN_OBJC_ROOT_CLASS = YES_ERROR;
				CLANG_WARN_QUOTED_INCLUDE_IN_FRAMEWORK_HEADER = YES;
				CLANG_WARN_RANGE_LOOP_ANALYSIS = YES;
				CLANG_WARN_STRICT_PROTOTYPES = YES;
				CLANG_WARN_SUSPICIOUS_MOVE = YES;
				CLANG_WARN_UNGUARDED_AVAILABILITY = YES_AGGRESSIVE;
				CLANG_WARN_UNREACHABLE_CODE = YES;
				CLANG_WARN__DUPLICATE_METHOD_MATCH = YES;
				COPY_PHASE_STRIP = NO;
				DEBUG_INFORMATION_FORMAT = "dwarf-with-dsym";
				DEVELOPMENT_TEAM = AA9V587XNH;
				ENABLE_NS_ASSERTIONS = NO;
				ENABLE_RESOURCE_ACCESS_CAMERA = YES;
				ENABLE_STRICT_OBJC_MSGSEND = YES;
				ENABLE_USER_SCRIPT_SANDBOXING = YES;
				GCC_C_LANGUAGE_STANDARD = gnu17;
				GCC_NO_COMMON_BLOCKS = YES;
				GCC_WARN_64_TO_32_BIT_CONVERSION = YES;
				GCC_WARN_ABOUT_RETURN_TYPE = YES_ERROR;
				GCC_WARN_UNDECLARED_SELECTOR = YES;
				GCC_WARN_UNINITIALIZED_AUTOS = YES_AGGRESSIVE;
				GCC_WARN_UNUSED_FUNCTION = YES;
				GCC_WARN_UNUSED_VARIABLE = YES;
				LOCALIZATION_PREFERS_STRING_CATALOGS = YES;
				MACOSX_DEPLOYMENT_TARGET = 26.2;
				MTL_ENABLE_DEBUG_INFO = NO;
				MTL_FAST_MATH = YES;
				SDKROOT = macosx;
				SWIFT_COMPILATION_MODE = wholemodule;
			};
			name = Release;
		};
		E606E8C82F03881200F4F361 /* Debug */ = {
			isa = XCBuildConfiguration;
			buildSettings = {
				ASSETCATALOG_COMPILER_APPICON_NAME = AppIcon;
				ASSETCATALOG_COMPILER_GLOBAL_ACCENT_COLOR_NAME = AccentColor;
				CODE_SIGN_STYLE = Automatic;
				COMBINE_HIDPI_IMAGES = YES;
				CURRENT_PROJECT_VERSION = 1;
				DEVELOPMENT_TEAM = AA9V587XNH;
				ENABLE_APP_SANDBOX = YES;
				ENABLE_HARDENED_RUNTIME = YES;
				ENABLE_PREVIEWS = YES;
				ENABLE_RESOURCE_ACCESS_CAMERA = YES;
				ENABLE_USER_SELECTED_FILES = readwrite;
				GENERATE_INFOPLIST_FILE = YES;
				INFOPLIST_KEY_NSCameraUsageDescription = "Codex Scanner needs access to your camera to scan documents. Connect an iPhone via Continuity Camera for high-quality document scanning.";
				INFOPLIST_KEY_NSHumanReadableCopyright = "";
				LD_RUNPATH_SEARCH_PATHS = (
					"$(inherited)",
					"@executable_path/../Frameworks",
				);
				MARKETING_VERSION = 1.0;
				PRODUCT_BUNDLE_IDENTIFIER = "HelloSunrise.Codex-Scanner";
				PRODUCT_NAME = "$(TARGET_NAME)";
				REGISTER_APP_GROUPS = YES;
				STRING_CATALOG_GENERATE_SYMBOLS = YES;
				SWIFT_APPROACHABLE_CONCURRENCY = YES;
				SWIFT_DEFAULT_ACTOR_ISOLATION = MainActor;
				SWIFT_EMIT_LOC_STRINGS = YES;
				SWIFT_UPCOMING_FEATURE_MEMBER_IMPORT_VISIBILITY = YES;
				SWIFT_VERSION = 5.0;
			};
			name = Debug;
		};
		E606E8C92F03881200F4F361 /* Release */ = {
			isa = XCBuildConfiguration;
			buildSettings = {
				ASSETCATALOG_COMPILER_APPICON_NAME = AppIcon;
				ASSETCATALOG_COMPILER_GLOBAL_ACCENT_COLOR_NAME = AccentColor;
				CODE_SIGN_STYLE = Automatic;
				COMBINE_HIDPI_IMAGES = YES;
				CURRENT_PROJECT_VERSION = 1;
				DEVELOPMENT_TEAM = AA9V587XNH;
				ENABLE_APP_SANDBOX = YES;
				ENABLE_HARDENED_RUNTIME = YES;
				ENABLE_PREVIEWS = YES;
				ENABLE_RESOURCE_ACCESS_CAMERA = YES;
				ENABLE_USER_SELECTED_FILES = readwrite;
				GENERATE_INFOPLIST_FILE = YES;
				INFOPLIST_KEY_NSCameraUsageDescription = "Codex Scanner needs access to your camera to scan documents. Connect an iPhone via Continuity Camera for high-quality document scanning.";
				INFOPLIST_KEY_NSHumanReadableCopyright = "";
				LD_RUNPATH_SEARCH_PATHS = (
					"$(inherited)",
					"@executable_path/../Frameworks",
				);
				MARKETING_VERSION = 1.0;
				PRODUCT_BUNDLE_IDENTIFIER = "HelloSunrise.Codex-Scanner";
				PRODUCT_NAME = "$(TARGET_NAME)";
				REGISTER_APP_GROUPS = YES;
				STRING_CATALOG_GENERATE_SYMBOLS = YES;
				SWIFT_APPROACHABLE_CONCURRENCY = YES;
				SWIFT_DEFAULT_ACTOR_ISOLATION = MainActor;
				SWIFT_EMIT_LOC_STRINGS = YES;
				SWIFT_UPCOMING_FEATURE_MEMBER_IMPORT_VISIBILITY = YES;
				SWIFT_VERSION = 5.0;
			};
			name = Release;
		};
		E606E8CB2F03881200F4F361 /* Debug */ = {
			isa = XCBuildConfiguration;
			buildSettings = {
				BUNDLE_LOADER = "$(TEST_HOST)";
				CODE_SIGN_STYLE = Automatic;
				CURRENT_PROJECT_VERSION = 1;
				DEVELOPMENT_TEAM = AA9V587XNH;
				GENERATE_INFOPLIST_FILE = YES;
				MACOSX_DEPLOYMENT_TARGET = 26.2;
				MARKETING_VERSION = 1.0;
				PRODUCT_BUNDLE_IDENTIFIER = "HelloSunrise.Codex-ScannerTests";
				PRODUCT_NAME = "$(TARGET_NAME)";
				STRING_CATALOG_GENERATE_SYMBOLS = NO;
				SWIFT_APPROACHABLE_CONCURRENCY = YES;
				SWIFT_EMIT_LOC_STRINGS = NO;
				SWIFT_UPCOMING_FEATURE_MEMBER_IMPORT_VISIBILITY = YES;
				SWIFT_VERSION = 5.0;
				TEST_HOST = "$(BUILT_PRODUCTS_DIR)/Codex Scanner.app/$(BUNDLE_EXECUTABLE_FOLDER_PATH)/Codex Scanner";
			};
			name = Debug;
		};
		E606E8CC2F03881200F4F361 /* Release */ = {
			isa = XCBuildConfiguration;
			buildSettings = {
				BUNDLE_LOADER = "$(TEST_HOST)";
				CODE_SIGN_STYLE = Automatic;
				CURRENT_PROJECT_VERSION = 1;
				DEVELOPMENT_TEAM = AA9V587XNH;
				GENERATE_INFOPLIST_FILE = YES;
				MACOSX_DEPLOYMENT_TARGET = 26.2;
				MARKETING_VERSION = 1.0;
				PRODUCT_BUNDLE_IDENTIFIER = "HelloSunrise.Codex-ScannerTests";
				PRODUCT_NAME = "$(TARGET_NAME)";
				STRING_CATALOG_GENERATE_SYMBOLS = NO;
				SWIFT_APPROACHABLE_CONCURRENCY = YES;
				SWIFT_EMIT_LOC_STRINGS = NO;
				SWIFT_UPCOMING_FEATURE_MEMBER_IMPORT_VISIBILITY = YES;
				SWIFT_VERSION = 5.0;
				TEST_HOST = "$(BUILT_PRODUCTS_DIR)/Codex Scanner.app/$(BUNDLE_EXECUTABLE_FOLDER_PATH)/Codex Scanner";
			};
			name = Release;
		};
		E606E8CE2F03881200F4F361 /* Debug */ = {
			isa = XCBuildConfiguration;
			buildSettings = {
				CODE_SIGN_STYLE = Automatic;
				CURRENT_PROJECT_VERSION = 1;
				DEVELOPMENT_TEAM = AA9V587XNH;
				GENERATE_INFOPLIST_FILE = YES;
				MARKETING_VERSION = 1.0;
				PRODUCT_BUNDLE_IDENTIFIER = "HelloSunrise.Codex-ScannerUITests";
				PRODUCT_NAME = "$(TARGET_NAME)";
				STRING_CATALOG_GENERATE_SYMBOLS = NO;
				SWIFT_APPROACHABLE_CONCURRENCY = YES;
				SWIFT_EMIT_LOC_STRINGS = NO;
				SWIFT_UPCOMING_FEATURE_MEMBER_IMPORT_VISIBILITY = YES;
				SWIFT_VERSION = 5.0;
				TEST_TARGET_NAME = "Codex Scanner";
			};
			name = Debug;
		};
		E606E8CF2F03881200F4F361 /* Release */ = {
			isa = XCBuildConfiguration;
			buildSettings = {
				CODE_SIGN_STYLE = Automatic;
				CURRENT_PROJECT_VERSION = 1;
				DEVELOPMENT_TEAM = AA9V587XNH;
				GENERATE_INFOPLIST_FILE = YES;
				MARKETING_VERSION = 1.0;
				PRODUCT_BUNDLE_IDENTIFIER = "HelloSunrise.Codex-ScannerUITests";
				PRODUCT_NAME = "$(TARGET_NAME)";
				STRING_CATALOG_GENERATE_SYMBOLS = NO;
				SWIFT_APPROACHABLE_CONCURRENCY = YES;
				SWIFT_EMIT_LOC_STRINGS = NO;
				SWIFT_UPCOMING_FEATURE_MEMBER_IMPORT_VISIBILITY = YES;
				SWIFT_VERSION = 5.0;
				TEST_TARGET_NAME = "Codex Scanner";
			};
			name = Release;
		};
/* End XCBuildConfiguration section */

/* Begin XCConfigurationList section */
		E606E89F2F03881100F4F361 /* Build configuration list for PBXProject "Codex Scanner" */ = {
			isa = XCConfigurationList;
			buildConfigurations = (
				E606E8C52F03881200F4F361 /* Debug */,
				E606E8C62F03881200F4F361 /* Release */,
			);
			defaultConfigurationIsVisible = 0;
			defaultConfigurationName = Release;
		};
		E606E8C72F03881200F4F361 /* Build configuration list for PBXNativeTarget "Codex Scanner" */ = {
			isa = XCConfigurationList;
			buildConfigurations = (
				E606E8C82F03881200F4F361 /* Debug */,
				E606E8C92F03881200F4F361 /* Release */,
			);
			defaultConfigurationIsVisible = 0;
			defaultConfigurationName = Release;
		};
		E606E8CA2F03881200F4F361 /* Build configuration list for PBXNativeTarget "Codex ScannerTests" */ = {
			isa = XCConfigurationList;
			buildConfigurations = (
				E606E8CB2F03881200F4F361 /* Debug */,
				E606E8CC2F03881200F4F361 /* Release */,
			);
			defaultConfigurationIsVisible = 0;
			defaultConfigurationName = Release;
		};
		E606E8CD2F03881200F4F361 /* Build configuration list for PBXNativeTarget "Codex ScannerUITests" */ = {
			isa = XCConfigurationList;
			buildConfigurations = (
				E606E8CE2F03881200F4F361 /* Debug */,
				E606E8CF2F03881200F4F361 /* Release */,
			);
			defaultConfigurationIsVisible = 0;
			defaultConfigurationName = Release;
		};
/* End XCConfigurationList section */
	};
	rootObject = E606E89C2F03881100F4F361 /* Project object */;
}
